
Microsoft Visual Studio Solution File, Format Version 12.00
# Visual Studio 14
VisualStudioVersion = 14.0.24720.0
MinimumVisualStudioVersion = 10.0.40219.1
Project("{FAE04EC0-301F-11D3-BF4B-00C04F79EFBC}") = "T0", "T0\T0.csproj", "{97493850-D9D0-4049-83B2-705DC6F6085F}"
EndProject
Project("{FAE04EC0-301F-11D3-BF4B-00C04F79EFBC}") = "ExampleGrid", "ExampleGrid\ExampleGrid.csproj", "{5FD02F12-A005-4D97-B9FD-264AC024722E}"
EndProject
Project("{FAE04EC0-301F-11D3-BF4B-00C04F79EFBC}") = "T1", "T1\T1.csproj", "{ED59B25D-1236-40A3-9564-A3ED9168400F}"
EndProject
Project("{FAE04EC0-301F-11D3-BF4B-00C04F79EFBC}") = "T2", "T2\T2.csproj", "{49147754-0D64-444B-B53D-EABCAA37B284}"
EndProject
Project("{FAE04EC0-301F-11D3-BF4B-00C04F79EFBC}") = "T3", "T3\T3.csproj", "{49162B42-F93F-4E0D-9A4E-8444206342FF}"
EndProject
Project("{FAE04EC0-301F-11D3-BF4B-00C04F79EFBC}") = "T4", "T4\T4.csproj", "{6FCB50B1-2A1F-4CCA-872C-6FB101750D1C}"
EndProject
Global
	GlobalSection(SolutionConfigurationPlatforms) = preSolution
		Debug|ARM = Debug|ARM
		Debug|x64 = Debug|x64
		Debug|x86 = Debug|x86
		Release|ARM = Release|ARM
		Release|x64 = Release|x64
		Release|x86 = Release|x86
	EndGlobalSection
	GlobalSection(ProjectConfigurationPlatforms) = postSolution
		{97493850-D9D0-4049-83B2-705DC6F6085F}.Debug|ARM.ActiveCfg = Debug|ARM
		{97493850-D9D0-4049-83B2-705DC6F6085F}.Debug|ARM.Build.0 = Debug|ARM
		{97493850-D9D0-4049-83B2-705DC6F6085F}.Debug|ARM.Deploy.0 = Debug|ARM
		{97493850-D9D0-4049-83B2-705DC6F6085F}.Debug|x64.ActiveCfg = Debug|x64
		{97493850-D9D0-4049-83B2-705DC6F6085F}.Debug|x64.Build.0 = Debug|x64
		{97493850-D9D0-4049-83B2-705DC6F6085F}.Debug|x64.Deploy.0 = Debug|x64
		{97493850-D9D0-4049-83B2-705DC6F6085F}.Debug|x86.ActiveCfg = Debug|x86
		{97493850-D9D0-4049-83B2-705DC6F6085F}.Debug|x86.Build.0 = Debug|x86
		{97493850-D9D0-4049-83B2-705DC6F6085F}.Debug|x86.Deploy.0 = Debug|x86
		{97493850-D9D0-4049-83B2-705DC6F6085F}.Release|ARM.ActiveCfg = Release|ARM
		{97493850-D9D0-4049-83B2-705DC6F6085F}.Release|ARM.Build.0 = Release|ARM
		{97493850-D9D0-4049-83B2-705DC6F6085F}.Release|ARM.Deploy.0 = Release|ARM
		{97493850-D9D0-4049-83B2-705DC6F6085F}.Release|x64.ActiveCfg = Release|x64
		{97493850-D9D0-4049-83B2-705DC6F6085F}.Release|x64.Build.0 = Release|x64
		{97493850-D9D0-4049-83B2-705DC6F6085F}.Release|x64.Deploy.0 = Release|x64
		{97493850-D9D0-4049-83B2-705DC6F6085F}.Release|x86.ActiveCfg = Release|x86
		{97493850-D9D0-4049-83B2-705DC6F6085F}.Release|x86.Build.0 = Release|x86
		{97493850-D9D0-4049-83B2-705DC6F6085F}.Release|x86.Deploy.0 = Release|x86
		{5FD02F12-A005-4D97-B9FD-264AC024722E}.Debug|ARM.ActiveCfg = Debug|ARM
		{5FD02F12-A005-4D97-B9FD-264AC024722E}.Debug|ARM.Build.0 = Debug|ARM
		{5FD02F12-A005-4D97-B9FD-264AC024722E}.Debug|ARM.Deploy.0 = Debug|ARM
		{5FD02F12-A005-4D97-B9FD-264AC024722E}.Debug|x64.ActiveCfg = Debug|x64
		{5FD02F12-A005-4D97-B9FD-264AC024722E}.Debug|x64.Build.0 = Debug|x64
		{5FD02F12-A005-4D97-B9FD-264AC024722E}.Debug|x64.Deploy.0 = Debug|x64
		{5FD02F12-A005-4D97-B9FD-264AC024722E}.Debug|x86.ActiveCfg = Debug|x86
		{5FD02F12-A005-4D97-B9FD-264AC024722E}.Debug|x86.Build.0 = Debug|x86
		{5FD02F12-A005-4D97-B9FD-264AC024722E}.Debug|x86.Deploy.0 = Debug|x86
		{5FD02F12-A005-4D97-B9FD-264AC024722E}.Release|ARM.ActiveCfg = Release|ARM
		{5FD02F12-A005-4D97-B9FD-264AC024722E}.Release|ARM.Build.0 = Release|ARM
		{5FD02F12-A005-4D97-B9FD-264AC024722E}.Release|ARM.Deploy.0 = Release|ARM
		{5FD02F12-A005-4D97-B9FD-264AC024722E}.Release|x64.ActiveCfg = Release|x64
		{5FD02F12-A005-4D97-B9FD-264AC024722E}.Release|x64.Build.0 = Release|x64
		{5FD02F12-A005-4D97-B9FD-264AC024722E}.Release|x64.Deploy.0 = Release|x64
		{5FD02F12-A005-4D97-B9FD-264AC024722E}.Release|x86.ActiveCfg = Release|x86
		{5FD02F12-A005-4D97-B9FD-264AC024722E}.Release|x86.Build.0 = Release|x86
		{5FD02F12-A005-4D97-B9FD-264AC024722E}.Release|x86.Deploy.0 = Release|x86
		{ED59B25D-1236-40A3-9564-A3ED9168400F}.Debug|ARM.ActiveCfg = Debug|ARM
		{ED59B25D-1236-40A3-9564-A3ED9168400F}.Debug|ARM.Build.0 = Debug|ARM
		{ED59B25D-1236-40A3-9564-A3ED9168400F}.Debug|ARM.Deploy.0 = Debug|ARM
		{ED59B25D-1236-40A3-9564-A3ED9168400F}.Debug|x64.ActiveCfg = Debug|x64
		{ED59B25D-1236-40A3-9564-A3ED9168400F}.Debug|x64.Build.0 = Debug|x64
		{ED59B25D-1236-40A3-9564-A3ED9168400F}.Debug|x64.Deploy.0 = Debug|x64
		{ED59B25D-1236-40A3-9564-A3ED9168400F}.Debug|x86.ActiveCfg = Debug|x86
		{ED59B25D-1236-40A3-9564-A3ED9168400F}.Debug|x86.Build.0 = Debug|x86
		{ED59B25D-1236-40A3-9564-A3ED9168400F}.Debug|x86.Deploy.0 = Debug|x86
		{ED59B25D-1236-40A3-9564-A3ED9168400F}.Release|ARM.ActiveCfg = Release|ARM
		{ED59B25D-1236-40A3-9564-A3ED9168400F}.Release|ARM.Build.0 = Release|ARM
		{ED59B25D-1236-40A3-9564-A3ED9168400F}.Release|ARM.Deploy.0 = Release|ARM
		{ED59B25D-1236-40A3-9564-A3ED9168400F}.Release|x64.ActiveCfg = Release|x64
		{ED59B25D-1236-40A3-9564-A3ED9168400F}.Release|x64.Build.0 = Release|x64
		{ED59B25D-1236-40A3-9564-A3ED9168400F}.Release|x64.Deploy.0 = Release|x64
		{ED59B25D-1236-40A3-9564-A3ED9168400F}.Release|x86.ActiveCfg = Release|x86
		{ED59B25D-1236-40A3-9564-A3ED9168400F}.Release|x86.Build.0 = Release|x86
		{ED59B25D-1236-40A3-9564-A3ED9168400F}.Release|x86.Deploy.0 = Release|x86
		{49147754-0D64-444B-B53D-EABCAA37B284}.Debug|ARM.ActiveCfg = Debug|ARM
		{49147754-0D64-444B-B53D-EABCAA37B284}.Debug|ARM.Build.0 = Debug|ARM
		{49147754-0D64-444B-B53D-EABCAA37B284}.Debug|ARM.Deploy.0 = Debug|ARM
		{49147754-0D64-444B-B53D-EABCAA37B284}.Debug|x64.ActiveCfg = Debug|x64
		{49147754-0D64-444B-B53D-EABCAA37B284}.Debug|x64.Build.0 = Debug|x64
		{49147754-0D64-444B-B53D-EABCAA37B284}.Debug|x64.Deploy.0 = Debug|x64
		{49147754-0D64-444B-B53D-EABCAA37B284}.Debug|x86.ActiveCfg = Debug|x86
		{49147754-0D64-444B-B53D-EABCAA37B284}.Debug|x86.Build.0 = Debug|x86
		{49147754-0D64-444B-B53D-EABCAA37B284}.Debug|x86.Deploy.0 = Debug|x86
		{49147754-0D64-444B-B53D-EABCAA37B284}.Release|ARM.ActiveCfg = Release|ARM
		{49147754-0D64-444B-B53D-EABCAA37B284}.Release|ARM.Build.0 = Release|ARM
		{49147754-0D64-444B-B53D-EABCAA37B284}.Release|ARM.Deploy.0 = Release|ARM
		{49147754-0D64-444B-B53D-EABCAA37B284}.Release|x64.ActiveCfg = Release|x64
		{49147754-0D64-444B-B53D-EABCAA37B284}.Release|x64.Build.0 = Release|x64
		{49147754-0D64-444B-B53D-EABCAA37B284}.Release|x64.Deploy.0 = Release|x64
		{49147754-0D64-444B-B53D-EABCAA37B284}.Release|x86.ActiveCfg = Release|x86
		{49147754-0D64-444B-B53D-EABCAA37B284}.Release|x86.Build.0 = Release|x86
		{49147754-0D64-444B-B53D-EABCAA37B284}.Release|x86.Deploy.0 = Release|x86
		{49162B42-F93F-4E0D-9A4E-8444206342FF}.Debug|ARM.ActiveCfg = Debug|ARM
		{49162B42-F93F-4E0D-9A4E-8444206342FF}.Debug|ARM.Build.0 = Debug|ARM
		{49162B42-F93F-4E0D-9A4E-8444206342FF}.Debug|ARM.Deploy.0 = Debug|ARM
		{49162B42-F93F-4E0D-9A4E-8444206342FF}.Debug|x64.ActiveCfg = Debug|x64
		{49162B42-F93F-4E0D-9A4E-8444206342FF}.Debug|x64.Build.0 = Debug|x64
		{49162B42-F93F-4E0D-9A4E-8444206342FF}.Debug|x64.Deploy.0 = Debug|x64
		{49162B42-F93F-4E0D-9A4E-8444206342FF}.Debug|x86.ActiveCfg = Debug|x86
		{49162B42-F93F-4E0D-9A4E-8444206342FF}.Debug|x86.Build.0 = Debug|x86
		{49162B42-F93F-4E0D-9A4E-8444206342FF}.Debug|x86.Deploy.0 = Debug|x86
		{49162B42-F93F-4E0D-9A4E-8444206342FF}.Release|ARM.ActiveCfg = Release|ARM
		{49162B42-F93F-4E0D-9A4E-8444206342FF}.Release|ARM.Build.0 = Release|ARM
		{49162B42-F93F-4E0D-9A4E-8444206342FF}.Release|ARM.Deploy.0 = Release|ARM
		{49162B42-F93F-4E0D-9A4E-8444206342FF}.Release|x64.ActiveCfg = Release|x64
		{49162B42-F93F-4E0D-9A4E-8444206342FF}.Release|x64.Build.0 = Release|x64
		{49162B42-F93F-4E0D-9A4E-8444206342FF}.Release|x64.Deploy.0 = Release|x64
		{49162B42-F93F-4E0D-9A4E-8444206342FF}.Release|x86.ActiveCfg = Release|x86
		{49162B42-F93F-4E0D-9A4E-8444206342FF}.Release|x86.Build.0 = Release|x86
		{49162B42-F93F-4E0D-9A4E-8444206342FF}.Release|x86.Deploy.0 = Release|x86
		{6FCB50B1-2A1F-4CCA-872C-6FB101750D1C}.Debug|ARM.ActiveCfg = Debug|ARM
		{6FCB50B1-2A1F-4CCA-872C-6FB101750D1C}.Debug|ARM.Build.0 = Debug|ARM
		{6FCB50B1-2A1F-4CCA-872C-6FB101750D1C}.Debug|ARM.Deploy.0 = Debug|ARM
		{6FCB50B1-2A1F-4CCA-872C-6FB101750D1C}.Debug|x64.ActiveCfg = Debug|x64
		{6FCB50B1-2A1F-4CCA-872C-6FB101750D1C}.Debug|x64.Build.0 = Debug|x64
		{6FCB50B1-2A1F-4CCA-872C-6FB101750D1C}.Debug|x64.Deploy.0 = Debug|x64
		{6FCB50B1-2A1F-4CCA-872C-6FB101750D1C}.Debug|x86.ActiveCfg = Debug|x86
		{6FCB50B1-2A1F-4CCA-872C-6FB101750D1C}.Debug|x86.Build.0 = Debug|x86
		{6FCB50B1-2A1F-4CCA-872C-6FB101750D1C}.Debug|x86.Deploy.0 = Debug|x86
		{6FCB50B1-2A1F-4CCA-872C-6FB101750D1C}.Release|ARM.ActiveCfg = Release|ARM
		{6FCB50B1-2A1F-4CCA-872C-6FB101750D1C}.Release|ARM.Build.0 = Release|ARM
		{6FCB50B1-2A1F-4CCA-872C-6FB101750D1C}.Release|ARM.Deploy.0 = Release|ARM
		{6FCB50B1-2A1F-4CCA-872C-6FB101750D1C}.Release|x64.ActiveCfg = Release|x64
		{6FCB50B1-2A1F-4CCA-872C-6FB101750D1C}.Release|x64.Build.0 = Release|x64
		{6FCB50B1-2A1F-4CCA-872C-6FB101750D1C}.Release|x64.Deploy.0 = Release|x64
		{6FCB50B1-2A1F-4CCA-872C-6FB101750D1C}.Release|x86.ActiveCfg = Release|x86
		{6FCB50B1-2A1F-4CCA-872C-6FB101750D1C}.Release|x86.Build.0 = Release|x86
		{6FCB50B1-2A1F-4CCA-872C-6FB101750D1C}.Release|x86.Deploy.0 = Release|x86
	EndGlobalSection
	GlobalSection(SolutionProperties) = preSolution
		HideSolutionNode = FALSE
	EndGlobalSection
EndGlobal
